
Microsoft Visual Studio Solution File, Format Version 12.00
# Visual Studio Version 17
VisualStudioVersion = 17.13.35828.75
MinimumVisualStudioVersion = 10.0.40219.1
Project("{FAE04EC0-301F-11D3-BF4B-00C04F79EFBC}") = "Csharp-Coding-Practice", "Csharp-Coding-Practice\Csharp-Coding-Practice.csproj", "{5E02CC3A-7C66-4E19-8EEA-AB326857BA95}"
EndProject
Global
	GlobalSection(SolutionConfigurationPlatforms) = preSolution
		Debug|Any CPU = Debug|Any CPU
		Release|Any CPU = Release|Any CPU
	EndGlobalSection
	GlobalSection(ProjectConfigurationPlatforms) = postSolution
		{5E02CC3A-7C66-4E19-8EEA-AB326857BA95}.Debug|Any CPU.ActiveCfg = Debug|Any CPU
		{5E02CC3A-7C66-4E19-8EEA-AB326857BA95}.Debug|Any CPU.Build.0 = Debug|Any CPU
		{5E02CC3A-7C66-4E19-8EEA-AB326857BA95}.Release|Any CPU.ActiveCfg = Release|Any CPU
		{5E02CC3A-7C66-4E19-8EEA-AB326857BA95}.Release|Any CPU.Build.0 = Release|Any CPU
	EndGlobalSection
	GlobalSection(SolutionProperties) = preSolution
		HideSolutionNode = FALSE
	EndGlobalSection
	GlobalSection(ExtensibilityGlobals) = postSolution
		SolutionGuid = {2AF56D7D-28F0-4ABB-B3C2-663563C4433D}
	EndGlobalSection
EndGlobal
